{
  "name": "eslint-config-pdp-lint-rules",
  "version": "1.0.0",
  "lockfileVersion": 1,
  "requires": true,
  "dependencies": {
    "comment-parser": {
      "version": "0.6.1",
      "resolved": "https://registry.npmjs.org/comment-parser/-/comment-parser-0.6.1.tgz",
      "integrity": "sha512-Putzd7Ilyvknmb1KxGf5el9uw0sPx9gEVnDrm8tlvXGN1i8Uaa2VBxB32hUhfzTlrEhhxNQ+pKq4ZNe8wNxjmw==",
      "dev": true
    },
    "debug": {
      "version": "4.1.1",
      "resolved": "https://registry.npmjs.org/debug/-/debug-4.1.1.tgz",
      "integrity": "sha512-pYAIzeRo8J6KPEaJ0VWOh5Pzkbw/RetuzehGM7QRRX5he4fPHx2rdKMB256ehJCkX+XRQm16eZLqLNS8RSZXZw==",
      "dev": true,
      "requires": {
        "ms": "^2.1.1"
      }
    },
    "eslint-plugin-jsdoc": {
      "version": "15.7.2",
      "resolved": "https://registry.npmjs.org/eslint-plugin-jsdoc/-/eslint-plugin-jsdoc-15.7.2.tgz",
      "integrity": "sha512-xQFqyc/pWxpY1dlEeYpO3kpd/zwX9TVnMn0krvVuCe7l0MpqXxBVm/+wRpgI6E6jpE5l3yA0gQshipYyxbVLIg==",
      "dev": true,
      "requires": {
        "comment-parser": "^0.6.1",
        "debug": "^4.1.1",
        "flat-map-polyfill": "^0.3.8",
        "jsdoctypeparser": "5.0.1",
        "lodash": "^4.17.15",
        "object.entries-ponyfill": "^1.0.1",
        "regextras": "^0.6.1"
      }
    },
    "flat-map-polyfill": {
      "version": "0.3.8",
      "resolved": "https://registry.npmjs.org/flat-map-polyfill/-/flat-map-polyfill-0.3.8.tgz",
      "integrity": "sha512-ZfmD5MnU7GglUEhiky9C7yEPaNq1/wh36RDohe+Xr3nJVdccwHbdTkFIYvetcdsoAckUKT51fuf44g7Ni5Doyg==",
      "dev": true
    },
    "jsdoctypeparser": {
      "version": "5.0.1",
      "resolved": "https://registry.npmjs.org/jsdoctypeparser/-/jsdoctypeparser-5.0.1.tgz",
      "integrity": "sha512-dYwcK6TKzvq+ZKtbp4sbQSW9JMo6s+4YFfUs5D/K7bZsn3s1NhEhZ+jmIPzby0HbkbECBe+hNPEa6a+E21o94w==",
      "dev": true
    },
    "lodash": {
      "version": "4.17.15",
      "resolved": "https://registry.npmjs.org/lodash/-/lodash-4.17.15.tgz",
      "integrity": "sha512-8xOcRHvCjnocdS5cpwXQXVzmmh5e5+saE2QGoeQmbKmRS6J3VQppPOIt0MnmE+4xlZoumy0GPG0D0MVIQbNA1A==",
      "dev": true
    },
    "ms": {
      "version": "2.1.2",
      "resolved": "https://registry.npmjs.org/ms/-/ms-2.1.2.tgz",
      "integrity": "sha512-sGkPx+VjMtmA6MX27oA4FBFELFCZZ4S4XqeGOXCv68tT+jb3vk/RyaKWP0PTKyWtmLSM0b+adUTEvbs1PEaH2w==",
      "dev": true
    },
    "object.entries-ponyfill": {
      "version": "1.0.1",
      "resolved": "https://registry.npmjs.org/object.entries-ponyfill/-/object.entries-ponyfill-1.0.1.tgz",
      "integrity": "sha1-Kavfd8v70mVm3RqiTp2I9lQz0lY=",
      "dev": true
    },
    "regextras": {
      "version": "0.6.1",
      "resolved": "https://registry.npmjs.org/regextras/-/regextras-0.6.1.tgz",
      "integrity": "sha512-EzIHww9xV2Kpqx+corS/I7OBmf2rZ0pKKJPsw5Dc+l6Zq1TslDmtRIP9maVn3UH+72MIXmn8zzDgP07ihQogUA==",
      "dev": true
    }
  }
}
